
Microsoft Visual Studio Solution File, Format Version 12.00
# Visual Studio Version 17
VisualStudioVersion = 17.7.34018.315
MinimumVisualStudioVersion = 10.0.40219.1
Project("{FAE04EC0-301F-11D3-BF4B-00C04F79EFBC}") = "PDC6_Module06.Android", "PDC6_Module06.Android\PDC6_Module06.Android.csproj", "{4835BB97-FF50-42FD-8EEE-80AECEF0A3C3}"
EndProject
Project("{FAE04EC0-301F-11D3-BF4B-00C04F79EFBC}") = "PDC6_Module06", "PDC6_Module06\PDC6_Module06.csproj", "{5BB1E748-B30C-462F-9EF5-07BF8E08B277}"
EndProject
Global
	GlobalSection(SolutionConfigurationPlatforms) = preSolution
		Debug|Any CPU = Debug|Any CPU
		Release|Any CPU = Release|Any CPU
	EndGlobalSection
	GlobalSection(ProjectConfigurationPlatforms) = postSolution
		{4835BB97-FF50-42FD-8EEE-80AECEF0A3C3}.Debug|Any CPU.ActiveCfg = Debug|Any CPU
		{4835BB97-FF50-42FD-8EEE-80AECEF0A3C3}.Debug|Any CPU.Build.0 = Debug|Any CPU
		{4835BB97-FF50-42FD-8EEE-80AECEF0A3C3}.Debug|Any CPU.Deploy.0 = Debug|Any CPU
		{4835BB97-FF50-42FD-8EEE-80AECEF0A3C3}.Release|Any CPU.ActiveCfg = Release|Any CPU
		{4835BB97-FF50-42FD-8EEE-80AECEF0A3C3}.Release|Any CPU.Build.0 = Release|Any CPU
		{4835BB97-FF50-42FD-8EEE-80AECEF0A3C3}.Release|Any CPU.Deploy.0 = Release|Any CPU
		{5BB1E748-B30C-462F-9EF5-07BF8E08B277}.Debug|Any CPU.ActiveCfg = Debug|Any CPU
		{5BB1E748-B30C-462F-9EF5-07BF8E08B277}.Debug|Any CPU.Build.0 = Debug|Any CPU
		{5BB1E748-B30C-462F-9EF5-07BF8E08B277}.Debug|Any CPU.Deploy.0 = Debug|Any CPU
		{5BB1E748-B30C-462F-9EF5-07BF8E08B277}.Release|Any CPU.ActiveCfg = Release|Any CPU
		{5BB1E748-B30C-462F-9EF5-07BF8E08B277}.Release|Any CPU.Build.0 = Release|Any CPU
		{5BB1E748-B30C-462F-9EF5-07BF8E08B277}.Release|Any CPU.Deploy.0 = Release|Any CPU
	EndGlobalSection
	GlobalSection(SolutionProperties) = preSolution
		HideSolutionNode = FALSE
	EndGlobalSection
	GlobalSection(ExtensibilityGlobals) = postSolution
		SolutionGuid = {AEA91E1A-939B-44D0-B4AD-0F76E0D7243C}
	EndGlobalSection
EndGlobal
